
Microsoft Visual Studio Solution File, Format Version 12.00
# Visual Studio Version 17
VisualStudioVersion = 17.6.33829.357
MinimumVisualStudioVersion = 10.0.40219.1
Project("{9A19103F-16F7-4668-BE54-9A1E7A4F7556}") = "GuardiansOfGlobeApi", "GuardiansOfGlobeApi.csproj", "{7C0E248C-2771-451B-9328-6F77D63942D3}"
EndProject
Project("{FAE04EC0-301F-11D3-BF4B-00C04F79EFBC}") = "GuardiansOfGlobe.DataAccess", "..\GuardiansOfGlobe.DataAccess\GuardiansOfGlobe.DataAccess.csproj", "{90A12024-22C7-4B7E-AB93-CDDB2F526532}"
EndProject
Global
	GlobalSection(SolutionConfigurationPlatforms) = preSolution
		Debug|Any CPU = Debug|Any CPU
		Release|Any CPU = Release|Any CPU
	EndGlobalSection
	GlobalSection(ProjectConfigurationPlatforms) = postSolution
		{7C0E248C-2771-451B-9328-6F77D63942D3}.Debug|Any CPU.ActiveCfg = Debug|Any CPU
		{7C0E248C-2771-451B-9328-6F77D63942D3}.Debug|Any CPU.Build.0 = Debug|Any CPU
		{7C0E248C-2771-451B-9328-6F77D63942D3}.Release|Any CPU.ActiveCfg = Release|Any CPU
		{7C0E248C-2771-451B-9328-6F77D63942D3}.Release|Any CPU.Build.0 = Release|Any CPU
		{90A12024-22C7-4B7E-AB93-CDDB2F526532}.Debug|Any CPU.ActiveCfg = Debug|Any CPU
		{90A12024-22C7-4B7E-AB93-CDDB2F526532}.Debug|Any CPU.Build.0 = Debug|Any CPU
		{90A12024-22C7-4B7E-AB93-CDDB2F526532}.Release|Any CPU.ActiveCfg = Release|Any CPU
		{90A12024-22C7-4B7E-AB93-CDDB2F526532}.Release|Any CPU.Build.0 = Release|Any CPU
	EndGlobalSection
	GlobalSection(SolutionProperties) = preSolution
		HideSolutionNode = FALSE
	EndGlobalSection
	GlobalSection(ExtensibilityGlobals) = postSolution
		SolutionGuid = {3BD122C7-CC65-47DE-9F28-D66AB7083D35}
	EndGlobalSection
EndGlobal
